
Microsoft Visual Studio Solution File, Format Version 12.00
# Visual Studio Version 17
VisualStudioVersion = 17.14.35906.104 d17.14
MinimumVisualStudioVersion = 10.0.40219.1
Project("{FAE04EC0-301F-11D3-BF4B-00C04F79EFBC}") = "Binarne stevilek 1", "Binarne stevilek 1\Binarne stevilek 1.csproj", "{41ED11A5-F42E-42CB-8C50-C1422BC7BDAD}"
EndProject
Global
	GlobalSection(SolutionConfigurationPlatforms) = preSolution
		Debug|Any CPU = Debug|Any CPU
		Release|Any CPU = Release|Any CPU
	EndGlobalSection
	GlobalSection(ProjectConfigurationPlatforms) = postSolution
		{41ED11A5-F42E-42CB-8C50-C1422BC7BDAD}.Debug|Any CPU.ActiveCfg = Debug|Any CPU
		{41ED11A5-F42E-42CB-8C50-C1422BC7BDAD}.Debug|Any CPU.Build.0 = Debug|Any CPU
		{41ED11A5-F42E-42CB-8C50-C1422BC7BDAD}.Release|Any CPU.ActiveCfg = Release|Any CPU
		{41ED11A5-F42E-42CB-8C50-C1422BC7BDAD}.Release|Any CPU.Build.0 = Release|Any CPU
	EndGlobalSection
	GlobalSection(SolutionProperties) = preSolution
		HideSolutionNode = FALSE
	EndGlobalSection
	GlobalSection(ExtensibilityGlobals) = postSolution
		SolutionGuid = {FD2F5A2B-B728-426A-8CF9-B67E339A6EC5}
	EndGlobalSection
EndGlobal
